
Microsoft Visual Studio Solution File, Format Version 12.00
# Visual Studio 15
VisualStudioVersion = 15.0.26730.12
MinimumVisualStudioVersion = 10.0.40219.1
Project("{FAE04EC0-301F-11D3-BF4B-00C04F79EFBC}") = "Game Project", "Game Project\Game Project.csproj", "{F853A0C7-BA71-4BF7-8F00-B6C7A1914877}"
EndProject
Global
	GlobalSection(SolutionConfigurationPlatforms) = preSolution
		Debug|Any CPU = Debug|Any CPU
		Release|Any CPU = Release|Any CPU
	EndGlobalSection
	GlobalSection(ProjectConfigurationPlatforms) = postSolution
		{F853A0C7-BA71-4BF7-8F00-B6C7A1914877}.Debug|Any CPU.ActiveCfg = Debug|Any CPU
		{F853A0C7-BA71-4BF7-8F00-B6C7A1914877}.Debug|Any CPU.Build.0 = Debug|Any CPU
		{F853A0C7-BA71-4BF7-8F00-B6C7A1914877}.Release|Any CPU.ActiveCfg = Release|Any CPU
		{F853A0C7-BA71-4BF7-8F00-B6C7A1914877}.Release|Any CPU.Build.0 = Release|Any CPU
	EndGlobalSection
	GlobalSection(SolutionProperties) = preSolution
		HideSolutionNode = FALSE
	EndGlobalSection
	GlobalSection(ExtensibilityGlobals) = postSolution
		SolutionGuid = {45D548DE-0880-4DE3-B9AE-69E55545E592}
	EndGlobalSection
EndGlobal
